// !$*UTF8*$!
{
	archiveVersion = 1;
	classes = {
	};
	objectVersion = 46;
	objects = {

/* Begin PBXBuildFile section */
		14199D491C326A52008F4132 /* SetupProfilePageViewController.swift in Sources */ = {isa = PBXBuildFile; fileRef = 14199D481C326A52008F4132 /* SetupProfilePageViewController.swift */; };
		148034211C29844E00769B2F /* FBSDKCoreKit.framework in Frameworks */ = {isa = PBXBuildFile; fileRef = 1480341F1C29844E00769B2F /* FBSDKCoreKit.framework */; };
		148034221C29844E00769B2F /* FBSDKLoginKit.framework in Frameworks */ = {isa = PBXBuildFile; fileRef = 148034201C29844E00769B2F /* FBSDKLoginKit.framework */; };
		14F404741C295996001D3B51 /* AppDelegate.swift in Sources */ = {isa = PBXBuildFile; fileRef = 14F404731C295996001D3B51 /* AppDelegate.swift */; };
		14F404761C295996001D3B51 /* ViewController.swift in Sources */ = {isa = PBXBuildFile; fileRef = 14F404751C295996001D3B51 /* ViewController.swift */; };
		14F404791C295996001D3B51 /* Main.storyboard in Resources */ = {isa = PBXBuildFile; fileRef = 14F404771C295996001D3B51 /* Main.storyboard */; };
		14F4047B1C295996001D3B51 /* Images.xcassets in Resources */ = {isa = PBXBuildFile; fileRef = 14F4047A1C295996001D3B51 /* Images.xcassets */; };
		14F4047E1C295996001D3B51 /* LaunchScreen.xib in Resources */ = {isa = PBXBuildFile; fileRef = 14F4047C1C295996001D3B51 /* LaunchScreen.xib */; };
		14F4048A1C295996001D3B51 /* DMFiosTests.swift in Sources */ = {isa = PBXBuildFile; fileRef = 14F404891C295996001D3B51 /* DMFiosTests.swift */; };
/* End PBXBuildFile section */

/* Begin PBXContainerItemProxy section */
		14F404841C295996001D3B51 /* PBXContainerItemProxy */ = {
			isa = PBXContainerItemProxy;
			containerPortal = 14F404661C295996001D3B51 /* Project object */;
			proxyType = 1;
			remoteGlobalIDString = 14F4046D1C295996001D3B51;
			remoteInfo = DMFios;
		};
/* End PBXContainerItemProxy section */

/* Begin PBXFileReference section */
		14199D481C326A52008F4132 /* SetupProfilePageViewController.swift */ = {isa = PBXFileReference; fileEncoding = 4; lastKnownFileType = sourcecode.swift; path = SetupProfilePageViewController.swift; sourceTree = "<group>"; };
		1480341F1C29844E00769B2F /* FBSDKCoreKit.framework */ = {isa = PBXFileReference; lastKnownFileType = wrapper.framework; name = FBSDKCoreKit.framework; path = "../../../../sdks/FacebookSDKs-iOS-20151111/FBSDKCoreKit.framework"; sourceTree = "<group>"; };
		148034201C29844E00769B2F /* FBSDKLoginKit.framework */ = {isa = PBXFileReference; lastKnownFileType = wrapper.framework; name = FBSDKLoginKit.framework; path = "../../../../sdks/FacebookSDKs-iOS-20151111/FBSDKLoginKit.framework"; sourceTree = "<group>"; };
		14F4046E1C295996001D3B51 /* DMFios.app */ = {isa = PBXFileReference; explicitFileType = wrapper.application; includeInIndex = 0; path = DMFios.app; sourceTree = BUILT_PRODUCTS_DIR; };
		14F404721C295996001D3B51 /* Info.plist */ = {isa = PBXFileReference; lastKnownFileType = text.plist.xml; path = Info.plist; sourceTree = "<group>"; };
		14F404731C295996001D3B51 /* AppDelegate.swift */ = {isa = PBXFileReference; lastKnownFileType = sourcecode.swift; path = AppDelegate.swift; sourceTree = "<group>"; };
		14F404751C295996001D3B51 /* ViewController.swift */ = {isa = PBXFileReference; lastKnownFileType = sourcecode.swift; path = ViewController.swift; sourceTree = "<group>"; };
		14F404781C295996001D3B51 /* Base */ = {isa = PBXFileReference; lastKnownFileType = file.storyboard; name = Base; path = Base.lproj/Main.storyboard; sourceTree = "<group>"; };
		14F4047A1C295996001D3B51 /* Images.xcassets */ = {isa = PBXFileReference; lastKnownFileType = folder.assetcatalog; path = Images.xcassets; sourceTree = "<group>"; };
		14F4047D1C295996001D3B51 /* Base */ = {isa = PBXFileReference; lastKnownFileType = file.xib; name = Base; path = Base.lproj/LaunchScreen.xib; sourceTree = "<group>"; };
		14F404831C295996001D3B51 /* DMFiosTests.xctest */ = {isa = PBXFileReference; explicitFileType = wrapper.cfbundle; includeInIndex = 0; path = DMFiosTests.xctest; sourceTree = BUILT_PRODUCTS_DIR; };
		14F404881C295996001D3B51 /* Info.plist */ = {isa = PBXFileReference; lastKnownFileType = text.plist.xml; path = Info.plist; sourceTree = "<group>"; };
		14F404891C295996001D3B51 /* DMFiosTests.swift */ = {isa = PBXFileReference; lastKnownFileType = sourcecode.swift; path = DMFiosTests.swift; sourceTree = "<group>"; };
/* End PBXFileReference section */

/* Begin PBXFrameworksBuildPhase section */
		14F4046B1C295996001D3B51 /* Frameworks */ = {
			isa = PBXFrameworksBuildPhase;
			buildActionMask = 2147483647;
			files = (
				148034221C29844E00769B2F /* FBSDKLoginKit.framework in Frameworks */,
				148034211C29844E00769B2F /* FBSDKCoreKit.framework in Frameworks */,
			);
			runOnlyForDeploymentPostprocessing = 0;
		};
		14F404801C295996001D3B51 /* Frameworks */ = {
			isa = PBXFrameworksBuildPhase;
			buildActionMask = 2147483647;
			files = (
			);
			runOnlyForDeploymentPostprocessing = 0;
		};
/* End PBXFrameworksBuildPhase section */

/* Begin PBXGroup section */
		1480341A1C297F0C00769B2F /* Frameworks */ = {
			isa = PBXGroup;
			children = (
				1480341F1C29844E00769B2F /* FBSDKCoreKit.framework */,
				148034201C29844E00769B2F /* FBSDKLoginKit.framework */,
			);
			name = Frameworks;
			sourceTree = "<group>";
		};
		14F404651C295996001D3B51 = {
			isa = PBXGroup;
			children = (
				1480341A1C297F0C00769B2F /* Frameworks */,
				14F404701C295996001D3B51 /* DMFios */,
				14F404861C295996001D3B51 /* DMFiosTests */,
				14F4046F1C295996001D3B51 /* Products */,
			);
			sourceTree = "<group>";
		};
		14F4046F1C295996001D3B51 /* Products */ = {
			isa = PBXGroup;
			children = (
				14F4046E1C295996001D3B51 /* DMFios.app */,
				14F404831C295996001D3B51 /* DMFiosTests.xctest */,
			);
			name = Products;
			sourceTree = "<group>";
		};
		14F404701C295996001D3B51 /* DMFios */ = {
			isa = PBXGroup;
			children = (
				14F404731C295996001D3B51 /* AppDelegate.swift */,
				14F404751C295996001D3B51 /* ViewController.swift */,
				14F404771C295996001D3B51 /* Main.storyboard */,
				14F4047A1C295996001D3B51 /* Images.xcassets */,
				14F4047C1C295996001D3B51 /* LaunchScreen.xib */,
				14F404711C295996001D3B51 /* Supporting Files */,
				14199D481C326A52008F4132 /* SetupProfilePageViewController.swift */,
			);
			path = DMFios;
			sourceTree = "<group>";
		};
		14F404711C295996001D3B51 /* Supporting Files */ = {
			isa = PBXGroup;
			children = (
				14F404721C295996001D3B51 /* Info.plist */,
			);
			name = "Supporting Files";
			sourceTree = "<group>";
		};
		14F404861C295996001D3B51 /* DMFiosTests */ = {
			isa = PBXGroup;
			children = (
				14F404891C295996001D3B51 /* DMFiosTests.swift */,
				14F404871C295996001D3B51 /* Supporting Files */,
			);
			path = DMFiosTests;
			sourceTree = "<group>";
		};
		14F404871C295996001D3B51 /* Supporting Files */ = {
			isa = PBXGroup;
			children = (
				14F404881C295996001D3B51 /* Info.plist */,
			);
			name = "Supporting Files";
			sourceTree = "<group>";
		};
/* End PBXGroup section */

/* Begin PBXNativeTarget section */
		14F4046D1C295996001D3B51 /* DMFios */ = {
			isa = PBXNativeTarget;
			buildConfigurationList = 14F4048D1C295996001D3B51 /* Build configuration list for PBXNativeTarget "DMFios" */;
			buildPhases = (
				14F4046A1C295996001D3B51 /* Sources */,
				14F4046B1C295996001D3B51 /* Frameworks */,
				14F4046C1C295996001D3B51 /* Resources */,
			);
			buildRules = (
			);
			dependencies = (
			);
			name = DMFios;
			productName = DMFios;
			productReference = 14F4046E1C295996001D3B51 /* DMFios.app */;
			productType = "com.apple.product-type.application";
		};
		14F404821C295996001D3B51 /* DMFiosTests */ = {
			isa = PBXNativeTarget;
			buildConfigurationList = 14F404901C295996001D3B51 /* Build configuration list for PBXNativeTarget "DMFiosTests" */;
			buildPhases = (
				14F4047F1C295996001D3B51 /* Sources */,
				14F404801C295996001D3B51 /* Frameworks */,
				14F404811C295996001D3B51 /* Resources */,
			);
			buildRules = (
			);
			dependencies = (
				14F404851C295996001D3B51 /* PBXTargetDependency */,
			);
			name = DMFiosTests;
			productName = DMFiosTests;
			productReference = 14F404831C295996001D3B51 /* DMFiosTests.xctest */;
			productType = "com.apple.product-type.bundle.unit-test";
		};
/* End PBXNativeTarget section */

/* Begin PBXProject section */
		14F404661C295996001D3B51 /* Project object */ = {
			isa = PBXProject;
			attributes = {
				LastSwiftMigration = 0720;
				LastSwiftUpdateCheck = 0720;
				LastUpgradeCheck = 0720;
				ORGANIZATIONNAME = "Lago Sound Software LLC";
				TargetAttributes = {
					14F4046D1C295996001D3B51 = {
						CreatedOnToolsVersion = 6.4;
					};
					14F404821C295996001D3B51 = {
						CreatedOnToolsVersion = 6.4;
						TestTargetID = 14F4046D1C295996001D3B51;
					};
				};
			};
			buildConfigurationList = 14F404691C295996001D3B51 /* Build configuration list for PBXProject "DMFios" */;
			compatibilityVersion = "Xcode 3.2";
			developmentRegion = English;
			hasScannedForEncodings = 0;
			knownRegions = (
				en,
				Base,
			);
			mainGroup = 14F404651C295996001D3B51;
			productRefGroup = 14F4046F1C295996001D3B51 /* Products */;
			projectDirPath = "";
			projectRoot = "";
			targets = (
				14F4046D1C295996001D3B51 /* DMFios */,
				14F404821C295996001D3B51 /* DMFiosTests */,
			);
		};
/* End PBXProject section */

/* Begin PBXResourcesBuildPhase section */
		14F4046C1C295996001D3B51 /* Resources */ = {
			isa = PBXResourcesBuildPhase;
			buildActionMask = 2147483647;
			files = (
				14F404791C295996001D3B51 /* Main.storyboard in Resources */,
				14F4047E1C295996001D3B51 /* LaunchScreen.xib in Resources */,
				14F4047B1C295996001D3B51 /* Images.xcassets in Resources */,
			);
			runOnlyForDeploymentPostprocessing = 0;
		};
		14F404811C295996001D3B51 /* Resources */ = {
			isa = PBXResourcesBuildPhase;
			buildActionMask = 2147483647;
			files = (
			);
			runOnlyForDeploymentPostprocessing = 0;
		};
/* End PBXResourcesBuildPhase section */

/* Begin PBXSourcesBuildPhase section */
		14F4046A1C295996001D3B51 /* Sources */ = {
			isa = PBXSourcesBuildPhase;
			buildActionMask = 2147483647;
			files = (
				14F404761C295996001D3B51 /* ViewController.swift in Sources */,
				14199D491C326A52008F4132 /* SetupProfilePageViewController.swift in Sources */,
				14F404741C295996001D3B51 /* AppDelegate.swift in Sources */,
			);
			runOnlyForDeploymentPostprocessing = 0;
		};
		14F4047F1C295996001D3B51 /* Sources */ = {
			isa = PBXSourcesBuildPhase;
			buildActionMask = 2147483647;
			files = (
				14F4048A1C295996001D3B51 /* DMFiosTests.swift in Sources */,
			);
			runOnlyForDeploymentPostprocessing = 0;
		};
/* End PBXSourcesBuildPhase section */

/* Begin PBXTargetDependency section */
		14F404851C295996001D3B51 /* PBXTargetDependency */ = {
			isa = PBXTargetDependency;
			target = 14F4046D1C295996001D3B51 /* DMFios */;
			targetProxy = 14F404841C295996001D3B51 /* PBXContainerItemProxy */;
		};
/* End PBXTargetDependency section */

/* Begin PBXVariantGroup section */
		14F404771C295996001D3B51 /* Main.storyboard */ = {
			isa = PBXVariantGroup;
			children = (
				14F404781C295996001D3B51 /* Base */,
			);
			name = Main.storyboard;
			sourceTree = "<group>";
		};
		14F4047C1C295996001D3B51 /* LaunchScreen.xib */ = {
			isa = PBXVariantGroup;
			children = (
				14F4047D1C295996001D3B51 /* Base */,
			);
			name = LaunchScreen.xib;
			sourceTree = "<group>";
		};
/* End PBXVariantGroup section */

/* Begin XCBuildConfiguration section */
		14F4048B1C295996001D3B51 /* Debug */ = {
			isa = XCBuildConfiguration;
			buildSettings = {
				ALWAYS_SEARCH_USER_PATHS = NO;
				CLANG_CXX_LANGUAGE_STANDARD = "gnu++0x";
				CLANG_CXX_LIBRARY = "libc++";
				CLANG_ENABLE_MODULES = YES;
				CLANG_ENABLE_OBJC_ARC = YES;
				CLANG_WARN_BOOL_CONVERSION = YES;
				CLANG_WARN_CONSTANT_CONVERSION = YES;
				CLANG_WARN_DIRECT_OBJC_ISA_USAGE = YES_ERROR;
				CLANG_WARN_EMPTY_BODY = YES;
				CLANG_WARN_ENUM_CONVERSION = YES;
				CLANG_WARN_INT_CONVERSION = YES;
				CLANG_WARN_OBJC_ROOT_CLASS = YES_ERROR;
				CLANG_WARN_UNREACHABLE_CODE = YES;
				CLANG_WARN__DUPLICATE_METHOD_MATCH = YES;
				"CODE_SIGN_IDENTITY[sdk=iphoneos*]" = "iPhone Developer";
				COPY_PHASE_STRIP = NO;
				DEBUG_INFORMATION_FORMAT = "dwarf-with-dsym";
				ENABLE_STRICT_OBJC_MSGSEND = YES;
				ENABLE_TESTABILITY = YES;
				FRAMEWORK_SEARCH_PATHS = "/Users/lago/dev/sdks/FacebookSDKs-iOS-20151111";
				"FRAMEWORK_SEARCH_PATHS[arch=*]" = "/Users/lago/dev/sdks/FacebookSDKs-iOS-20151111";
				GCC_C_LANGUAGE_STANDARD = gnu99;
				GCC_DYNAMIC_NO_PIC = NO;
				GCC_NO_COMMON_BLOCKS = YES;
				GCC_OPTIMIZATION_LEVEL = 0;
				GCC_PREPROCESSOR_DEFINITIONS = (
					"DEBUG=1",
					"$(inherited)",
				);
				GCC_SYMBOLS_PRIVATE_EXTERN = NO;
				GCC_WARN_64_TO_32_BIT_CONVERSION = YES;
				GCC_WARN_ABOUT_RETURN_TYPE = YES_ERROR;
				GCC_WARN_UNDECLARED_SELECTOR = YES;
				GCC_WARN_UNINITIALIZED_AUTOS = YES_AGGRESSIVE;
				GCC_WARN_UNUSED_FUNCTION = YES;
				GCC_WARN_UNUSED_VARIABLE = YES;
				IPHONEOS_DEPLOYMENT_TARGET = 8.4;
				MTL_ENABLE_DEBUG_INFO = YES;
				ONLY_ACTIVE_ARCH = YES;
				SDKROOT = iphoneos;
				SWIFT_OPTIMIZATION_LEVEL = "-Onone";
			};
			name = Debug;
		};
		14F4048C1C295996001D3B51 /* Release */ = {
			isa = XCBuildConfiguration;
			buildSettings = {
				ALWAYS_SEARCH_USER_PATHS = NO;
				CLANG_CXX_LANGUAGE_STANDARD = "gnu++0x";
				CLANG_CXX_LIBRARY = "libc++";
				CLANG_ENABLE_MODULES = YES;
				CLANG_ENABLE_OBJC_ARC = YES;
				CLANG_WARN_BOOL_CONVERSION = YES;
				CLANG_WARN_CONSTANT_CONVERSION = YES;
				CLANG_WARN_DIRECT_OBJC_ISA_USAGE = YES_ERROR;
				CLANG_WARN_EMPTY_BODY = YES;
				CLANG_WARN_ENUM_CONVERSION = YES;
				CLANG_WARN_INT_CONVERSION = YES;
				CLANG_WARN_OBJC_ROOT_CLASS = YES_ERROR;
				CLANG_WARN_UNREACHABLE_CODE = YES;
				CLANG_WARN__DUPLICATE_METHOD_MATCH = YES;
				"CODE_SIGN_IDENTITY[sdk=iphoneos*]" = "iPhone Developer";
				COPY_PHASE_STRIP = NO;
				DEBUG_INFORMATION_FORMAT = "dwarf-with-dsym";
				ENABLE_NS_ASSERTIONS = NO;
				ENABLE_STRICT_OBJC_MSGSEND = YES;
				FRAMEWORK_SEARCH_PATHS = "/Users/lago/dev/sdks/FacebookSDKs-iOS-20151111";
				GCC_C_LANGUAGE_STANDARD = gnu99;
				GCC_NO_COMMON_BLOCKS = YES;
				GCC_WARN_64_TO_32_BIT_CONVERSION = YES;
				GCC_WARN_ABOUT_RETURN_TYPE = YES_ERROR;
				GCC_WARN_UNDECLARED_SELECTOR = YES;
				GCC_WARN_UNINITIALIZED_AUTOS = YES_AGGRESSIVE;
				GCC_WARN_UNUSED_FUNCTION = YES;
				GCC_WARN_UNUSED_VARIABLE = YES;
				IPHONEOS_DEPLOYMENT_TARGET = 8.4;
				MTL_ENABLE_DEBUG_INFO = NO;
				SDKROOT = iphoneos;
				VALIDATE_PRODUCT = YES;
			};
			name = Release;
		};
		14F4048E1C295996001D3B51 /* Debug */ = {
			isa = XCBuildConfiguration;
			buildSettings = {
				ALWAYS_SEARCH_USER_PATHS = YES;
				"ALWAYS_SEARCH_USER_PATHS[arch=*]" = NO;
				ASSETCATALOG_COMPILER_APPICON_NAME = AppIcon;
				FRAMEWORK_SEARCH_PATHS = "/Users/lago/dev/sdks/FacebookSDKs-iOS-20151111";
				"FRAMEWORK_SEARCH_PATHS[arch=*]" = "/Users/lago/dev/sdks/FacebookSDKs-iOS-20151111";
				INCLUDED_RECURSIVE_SEARCH_PATH_SUBDIRECTORIES = "";
				INFOPLIST_FILE = DMFios/Info.plist;
				LD_RUNPATH_SEARCH_PATHS = "$(inherited) @executable_path/Frameworks";
				LIBRARY_SEARCH_PATHS = "";
				PRODUCT_BUNDLE_IDENTIFIER = "com.lago.$(PRODUCT_NAME:rfc1034identifier)";
				PRODUCT_NAME = "$(TARGET_NAME)";
			};
			name = Debug;
		};
		14F4048F1C295996001D3B51 /* Release */ = {
			isa = XCBuildConfiguration;
			buildSettings = {
				ALWAYS_SEARCH_USER_PATHS = NO;
				ASSETCATALOG_COMPILER_APPICON_NAME = AppIcon;
				FRAMEWORK_SEARCH_PATHS = "/Users/lago/dev/sdks/FacebookSDKs-iOS-20151111";
				INCLUDED_RECURSIVE_SEARCH_PATH_SUBDIRECTORIES = "";
				INFOPLIST_FILE = DMFios/Info.plist;
				LD_RUNPATH_SEARCH_PATHS = "$(inherited) @executable_path/Frameworks";
				LIBRARY_SEARCH_PATHS = "";
				PRODUCT_BUNDLE_IDENTIFIER = "com.lago.$(PRODUCT_NAME:rfc1034identifier)";
				PRODUCT_NAME = "$(TARGET_NAME)";
			};
			name = Release;
		};
		14F404911C295996001D3B51 /* Debug */ = {
			isa = XCBuildConfiguration;
			buildSettings = {
				BUNDLE_LOADER = "$(TEST_HOST)";
				FRAMEWORK_SEARCH_PATHS = "";
				GCC_PREPROCESSOR_DEFINITIONS = (
					"DEBUG=1",
					"$(inherited)",
				);
				INFOPLIST_FILE = DMFiosTests/Info.plist;
				LD_RUNPATH_SEARCH_PATHS = "$(inherited) @executable_path/Frameworks @loader_path/Frameworks";
				PRODUCT_BUNDLE_IDENTIFIER = "com.lago.$(PRODUCT_NAME:rfc1034identifier)";
				PRODUCT_NAME = "$(TARGET_NAME)";
				TEST_HOST = "";
			};
			name = Debug;
		};
		14F404921C295996001D3B51 /* Release */ = {
			isa = XCBuildConfiguration;
			buildSettings = {
				BUNDLE_LOADER = "$(TEST_HOST)";
				FRAMEWORK_SEARCH_PATHS = "";
				INFOPLIST_FILE = DMFiosTests/Info.plist;
				LD_RUNPATH_SEARCH_PATHS = "$(inherited) @executable_path/Frameworks @loader_path/Frameworks";
				PRODUCT_BUNDLE_IDENTIFIER = "com.lago.$(PRODUCT_NAME:rfc1034identifier)";
				PRODUCT_NAME = "$(TARGET_NAME)";
				TEST_HOST = "";
			};
			name = Release;
		};
/* End XCBuildConfiguration section */

/* Begin XCConfigurationList section */
		14F404691C295996001D3B51 /* Build configuration list for PBXProject "DMFios" */ = {
			isa = XCConfigurationList;
			buildConfigurations = (
				14F4048B1C295996001D3B51 /* Debug */,
				14F4048C1C295996001D3B51 /* Release */,
			);
			defaultConfigurationIsVisible = 0;
			defaultConfigurationName = Release;
		};
		14F4048D1C295996001D3B51 /* Build configuration list for PBXNativeTarget "DMFios" */ = {
			isa = XCConfigurationList;
			buildConfigurations = (
				14F4048E1C295996001D3B51 /* Debug */,
				14F4048F1C295996001D3B51 /* Release */,
			);
			defaultConfigurationIsVisible = 0;
			defaultConfigurationName = Release;
		};
		14F404901C295996001D3B51 /* Build configuration list for PBXNativeTarget "DMFiosTests" */ = {
			isa = XCConfigurationList;
			buildConfigurations = (
				14F404911C295996001D3B51 /* Debug */,
				14F404921C295996001D3B51 /* Release */,
			);
			defaultConfigurationIsVisible = 0;
			defaultConfigurationName = Release;
		};
/* End XCConfigurationList section */
	};
	rootObject = 14F404661C295996001D3B51 /* Project object */;
}
